<?xml version="1.0" encoding="utf-8"?>
<Project ToolsVersion="4.0" xmlns="http://schemas.microsoft.com/developer/msbuild/2003">
  <ItemGroup>
    <Filter Include="Source Files">
      <UniqueIdentifier>{4FC737F1-C7A5-4376-A066-2A32D752A2FF}</UniqueIdentifier>
      <Extensions>cpp;c;cc;cxx;def;odl;idl;hpj;bat;asm;asmx</Extensions>
    </Filter>
    <Filter Include="Header Files">
      <UniqueIdentifier>{93995380-89BD-4b04-88EB-625FBE52EBFB}</UniqueIdentifier>
      <Extensions>h;hh;hpp;hxx;hm;inl;inc;xsd</Extensions>
    </Filter>
    <Filter Include="Resource Files">
      <UniqueIdentifier>{67DA6AB6-F800-4c08-8B7A-83BB121AAD01}</UniqueIdentifier>
      <Extensions>rc;ico;cur;bmp;dlg;rc2;rct;bin;rgs;gif;jpg;jpeg;jpe;resx;tiff;tif;png;wav;mfcribbon-ms</Extensions>
    </Filter>
  </ItemGroup>
  <ItemGroup>
    <None Include="ESP32_OpenSprinkler.ino" />
  </ItemGroup>
  <ItemGroup>
    <ClInclude Include="__vm\.ESP32_OpenSprinkler.vsarduino.h">
      <Filter>Header Files</Filter>
    </ClInclude>
    <ClInclude Include="Bitmaps.h">
      <Filter>Header Files</Filter>
    </ClInclude>
    <ClInclude Include="Config.h">
      <Filter>Header Files</Filter>
    </ClInclude>
    <ClInclude Include="Defines.h">
      <Filter>Header Files</Filter>
    </ClInclude>
    <ClInclude Include="Eeprom_ESP.h">
      <Filter>Header Files</Filter>
    </ClInclude>
    <ClInclude Include="eeprom_mio.h">
      <Filter>Header Files</Filter>
    </ClInclude>
    <ClInclude Include="EtherCardW5100.h">
      <Filter>Header Files</Filter>
    </ClInclude>
    <ClInclude Include="gpio.h">
      <Filter>Header Files</Filter>
    </ClInclude>
    <ClInclude Include="i2crtc.h">
      <Filter>Header Files</Filter>
    </ClInclude>
    <ClInclude Include="Intestazione.h">
      <Filter>Header Files</Filter>
    </ClInclude>
    <ClInclude Include="libsel.h">
      <Filter>Header Files</Filter>
    </ClInclude>
    <ClInclude Include="OpenSprinkler.h">
      <Filter>Header Files</Filter>
    </ClInclude>
    <ClInclude Include="OpenSprinklerProgram.h">
      <Filter>Header Files</Filter>
    </ClInclude>
    <ClInclude Include="OpenSprinklerServer.h">
      <Filter>Header Files</Filter>
    </ClInclude>
    <ClInclude Include="PCF8574Mio.h">
      <Filter>Header Files</Filter>
    </ClInclude>
    <ClInclude Include="Pins.h">
      <Filter>Header Files</Filter>
    </ClInclude>
    <ClInclude Include="SPIFFSdFat.h">
      <Filter>Header Files</Filter>
    </ClInclude>
    <ClInclude Include="utils.h">
      <Filter>Header Files</Filter>
    </ClInclude>
    <ClInclude Include="weather.h">
      <Filter>Header Files</Filter>
    </ClInclude>
    <ClInclude Include="lib\Adafruit_GFX.h">
      <Filter>Header Files</Filter>
    </ClInclude>
    <ClInclude Include="lib\Adafruit_SSD1306.h">
      <Filter>Header Files</Filter>
    </ClInclude>
    <ClInclude Include="lib\gfxfont.h">
      <Filter>Header Files</Filter>
    </ClInclude>
  </ItemGroup>
  <ItemGroup>
    <ClCompile Include="Eeprom_ESP.cpp">
      <Filter>Source Files</Filter>
    </ClCompile>
    <ClCompile Include="eeprom_mio.cpp">
      <Filter>Source Files</Filter>
    </ClCompile>
    <ClCompile Include="EtherCardW5100.cpp">
      <Filter>Source Files</Filter>
    </ClCompile>
    <ClCompile Include="gpio.cpp">
      <Filter>Source Files</Filter>
    </ClCompile>
    <ClCompile Include="i2crtc.cpp">
      <Filter>Source Files</Filter>
    </ClCompile>
    <ClCompile Include="OpenSprinkler.cpp">
      <Filter>Source Files</Filter>
    </ClCompile>
    <ClCompile Include="OpenSprinklerMain.cpp">
      <Filter>Source Files</Filter>
    </ClCompile>
    <ClCompile Include="OpenSprinklerProgram.cpp">
      <Filter>Source Files</Filter>
    </ClCompile>
    <ClCompile Include="OpenSprinklerServer.cpp">
      <Filter>Source Files</Filter>
    </ClCompile>
    <ClCompile Include="PCF8574Mio.cpp">
      <Filter>Source Files</Filter>
    </ClCompile>
    <ClCompile Include="SPIFFSdFat.cpp">
      <Filter>Source Files</Filter>
    </ClCompile>
    <ClCompile Include="Utils.cpp">
      <Filter>Source Files</Filter>
    </ClCompile>
    <ClCompile Include="weather.cpp">
      <Filter>Source Files</Filter>
    </ClCompile>
    <ClCompile Include="lib\Adafruit_GFX.cpp">
      <Filter>Source Files</Filter>
    </ClCompile>
    <ClCompile Include="lib\Adafruit_SSD1306.cpp">
      <Filter>Source Files</Filter>
    </ClCompile>
    <ClCompile Include="lib\glcdfont.c">
      <Filter>Source Files</Filter>
    </ClCompile>
  </ItemGroup>
  <ItemGroup>
    <Text Include="board.txt" />
  </ItemGroup>
</Project>